// !$*UTF8*$!
{
	archiveVersion = 1;
	classes = {
	};
	objectVersion = 46;
	objects = {

/* Begin PBXBuildFile section */
		A41FD1181ACE647F00BBB6F4 /* Wormhole.swift in Sources */ = {isa = PBXBuildFile; fileRef = A41FD1171ACE647F00BBB6F4 /* Wormhole.swift */; };
		A422355C1AC676B6009F3BDC /* QuestionTableRowController.swift in Sources */ = {isa = PBXBuildFile; fileRef = A422355B1AC676B6009F3BDC /* QuestionTableRowController.swift */; };
		A42235661AC69FFF009F3BDC /* ChoiceTableRowController.swift in Sources */ = {isa = PBXBuildFile; fileRef = A42235651AC69FFF009F3BDC /* ChoiceTableRowController.swift */; };
		A42235681AC6A213009F3BDC /* ChoiceInterfaceController.swift in Sources */ = {isa = PBXBuildFile; fileRef = A42235671AC6A213009F3BDC /* ChoiceInterfaceController.swift */; };
		A42DE91E1AD22D400090CC0E /* HelpMethod.m in Sources */ = {isa = PBXBuildFile; fileRef = A42DE91C1AD22D400090CC0E /* HelpMethod.m */; };
		A42DE92A1AD2DF3C0090CC0E /* HelpMethod.h in Headers */ = {isa = PBXBuildFile; fileRef = A42DE91B1AD22D400090CC0E /* HelpMethod.h */; settings = {ATTRIBUTES = (Public, ); }; };
		A440861B1AD585FD00157968 /* GlanceController.swift in Sources */ = {isa = PBXBuildFile; fileRef = A440861A1AD585FD00157968 /* GlanceController.swift */; };
		A458BAC91ADE737400FBD69A /* Question.swift in Sources */ = {isa = PBXBuildFile; fileRef = A458BAC81ADE737400FBD69A /* Question.swift */; };
		A458BACB1ADE737500FBD69A /* Choice.swift in Sources */ = {isa = PBXBuildFile; fileRef = A458BACA1ADE737500FBD69A /* Choice.swift */; };
		A474C92019A0854A00262645 /* DynamicCell.swift in Sources */ = {isa = PBXBuildFile; fileRef = A474C91F19A0854A00262645 /* DynamicCell.swift */; };
		A48128211962A39F0048AB6C /* AppDelegate.swift in Sources */ = {isa = PBXBuildFile; fileRef = A48128201962A39F0048AB6C /* AppDelegate.swift */; };
		A48128261962A39F0048AB6C /* MasterViewController.swift in Sources */ = {isa = PBXBuildFile; fileRef = A48128251962A39F0048AB6C /* MasterViewController.swift */; };
		A48128281962A39F0048AB6C /* DetailViewController.swift in Sources */ = {isa = PBXBuildFile; fileRef = A48128271962A39F0048AB6C /* DetailViewController.swift */; };
		A481282B1962A39F0048AB6C /* Main.storyboard in Resources */ = {isa = PBXBuildFile; fileRef = A48128291962A39F0048AB6C /* Main.storyboard */; };
		A481282D1962A39F0048AB6C /* Images.xcassets in Resources */ = {isa = PBXBuildFile; fileRef = A481282C1962A39F0048AB6C /* Images.xcassets */; };
		A48128391962A39F0048AB6C /* HardChoiceTests.swift in Sources */ = {isa = PBXBuildFile; fileRef = A48128381962A39F0048AB6C /* HardChoiceTests.swift */; };
		A4AF80F51AE5F55800DC6905 /* HardChoice.xcdatamodeld in Sources */ = {isa = PBXBuildFile; fileRef = A48128221962A39F0048AB6C /* HardChoice.xcdatamodeld */; };
		A4AF80F81AE5FD1400DC6905 /* HardChoice.xcdatamodeld in Sources */ = {isa = PBXBuildFile; fileRef = A48128221962A39F0048AB6C /* HardChoice.xcdatamodeld */; };
		A4B1747F1AC551CD00CA8010 /* QuestionInterfaceController.swift in Sources */ = {isa = PBXBuildFile; fileRef = A4B1747E1AC551CD00CA8010 /* QuestionInterfaceController.swift */; };
		A4B174811AC551CD00CA8010 /* NotificationController.swift in Sources */ = {isa = PBXBuildFile; fileRef = A4B174801AC551CD00CA8010 /* NotificationController.swift */; };
		A4B174831AC551CD00CA8010 /* Images.xcassets in Resources */ = {isa = PBXBuildFile; fileRef = A4B174821AC551CD00CA8010 /* Images.xcassets */; };
		A4B174871AC551CD00CA8010 /* HardChoice WatchKit App.app in Resources */ = {isa = PBXBuildFile; fileRef = A4B174861AC551CD00CA8010 /* HardChoice WatchKit App.app */; };
		A4B1748F1AC551CD00CA8010 /* Interface.storyboard in Resources */ = {isa = PBXBuildFile; fileRef = A4B1748D1AC551CD00CA8010 /* Interface.storyboard */; };
		A4B174911AC551CD00CA8010 /* Images.xcassets in Resources */ = {isa = PBXBuildFile; fileRef = A4B174901AC551CD00CA8010 /* Images.xcassets */; };
		A4B174941AC551CD00CA8010 /* HardChoice WatchKit Extension.appex in Embed App Extensions */ = {isa = PBXBuildFile; fileRef = A4B174791AC551CC00CA8010 /* HardChoice WatchKit Extension.appex */; settings = {ATTRIBUTES = (RemoveHeadersOnCopy, ); }; };
		A4B174A61AC5AA1E00CA8010 /* DataKit.h in Headers */ = {isa = PBXBuildFile; fileRef = A4B174A51AC5AA1E00CA8010 /* DataKit.h */; settings = {ATTRIBUTES = (Public, ); }; };
		A4B174AC1AC5AA1E00CA8010 /* DataKit.framework in Frameworks */ = {isa = PBXBuildFile; fileRef = A4B174A11AC5AA1E00CA8010 /* DataKit.framework */; };
		A4B174B51AC5AA1E00CA8010 /* DataKitTests.swift in Sources */ = {isa = PBXBuildFile; fileRef = A4B174B41AC5AA1E00CA8010 /* DataKitTests.swift */; };
		A4B174B81AC5AA1E00CA8010 /* DataKit.framework in Frameworks */ = {isa = PBXBuildFile; fileRef = A4B174A11AC5AA1E00CA8010 /* DataKit.framework */; };
		A4B174B91AC5AA1E00CA8010 /* DataKit.framework in Embed Frameworks */ = {isa = PBXBuildFile; fileRef = A4B174A11AC5AA1E00CA8010 /* DataKit.framework */; settings = {ATTRIBUTES = (CodeSignOnCopy, RemoveHeadersOnCopy, ); }; };
		A4B174F51AC5AABF00CA8010 /* DataAccess.swift in Sources */ = {isa = PBXBuildFile; fileRef = A4B174F41AC5AABF00CA8010 /* DataAccess.swift */; };
		A4BACB1019DC0E6D008FA8A7 /* InfoPlist.strings in Resources */ = {isa = PBXBuildFile; fileRef = A4BACB1219DC0E6D008FA8A7 /* InfoPlist.strings */; };
		A4C17F3719DBF84A001296E5 /* Localizable.strings in Resources */ = {isa = PBXBuildFile; fileRef = A4C17F3919DBF84A001296E5 /* Localizable.strings */; };
		A4DCE01B1A83927100EA39B1 /* Crashlytics.framework in Frameworks */ = {isa = PBXBuildFile; fileRef = A4DCE0191A83927100EA39B1 /* Crashlytics.framework */; };
		A4DCE01C1A83927100EA39B1 /* Fabric.framework in Frameworks */ = {isa = PBXBuildFile; fileRef = A4DCE01A1A83927100EA39B1 /* Fabric.framework */; };
		A4F92B8A19DCF75700C87D0E /* Launch Screen.xib in Resources */ = {isa = PBXBuildFile; fileRef = A4F92B8C19DCF75700C87D0E /* Launch Screen.xib */; };
/* End PBXBuildFile section */

/* Begin PBXContainerItemProxy section */
		A48128331962A39F0048AB6C /* PBXContainerItemProxy */ = {
			isa = PBXContainerItemProxy;
			containerPortal = A48128131962A39F0048AB6C /* Project object */;
			proxyType = 1;
			remoteGlobalIDString = A481281A1962A39F0048AB6C;
			remoteInfo = HardChoice;
		};
		A4B174881AC551CD00CA8010 /* PBXContainerItemProxy */ = {
			isa = PBXContainerItemProxy;
			containerPortal = A48128131962A39F0048AB6C /* Project object */;
			proxyType = 1;
			remoteGlobalIDString = A4B174851AC551CD00CA8010;
			remoteInfo = "HardChoice WatchKit App";
		};
		A4B174921AC551CD00CA8010 /* PBXContainerItemProxy */ = {
			isa = PBXContainerItemProxy;
			containerPortal = A48128131962A39F0048AB6C /* Project object */;
			proxyType = 1;
			remoteGlobalIDString = A4B174781AC551CC00CA8010;
			remoteInfo = "HardChoice WatchKit Extension";
		};
		A4B174AD1AC5AA1E00CA8010 /* PBXContainerItemProxy */ = {
			isa = PBXContainerItemProxy;
			containerPortal = A48128131962A39F0048AB6C /* Project object */;
			proxyType = 1;
			remoteGlobalIDString = A4B174A01AC5AA1E00CA8010;
			remoteInfo = DataKit;
		};
		A4B174AF1AC5AA1E00CA8010 /* PBXContainerItemProxy */ = {
			isa = PBXContainerItemProxy;
			containerPortal = A48128131962A39F0048AB6C /* Project object */;
			proxyType = 1;
			remoteGlobalIDString = A481281A1962A39F0048AB6C;
			remoteInfo = HardChoice;
		};
		A4B174B61AC5AA1E00CA8010 /* PBXContainerItemProxy */ = {
			isa = PBXContainerItemProxy;
			containerPortal = A48128131962A39F0048AB6C /* Project object */;
			proxyType = 1;
			remoteGlobalIDString = A4B174A01AC5AA1E00CA8010;
			remoteInfo = DataKit;
		};
/* End PBXContainerItemProxy section */

/* Begin PBXCopyFilesBuildPhase section */
		A45D3B78198E3C2C0018C72E /* Embed App Extensions */ = {
			isa = PBXCopyFilesBuildPhase;
			buildActionMask = 2147483647;
			dstPath = "";
			dstSubfolderSpec = 13;
			files = (
				A4B174941AC551CD00CA8010 /* HardChoice WatchKit Extension.appex in Embed App Extensions */,
			);
			name = "Embed App Extensions";
			runOnlyForDeploymentPostprocessing = 0;
		};
		A4B174BF1AC5AA1E00CA8010 /* Embed Frameworks */ = {
			isa = PBXCopyFilesBuildPhase;
			buildActionMask = 2147483647;
			dstPath = "";
			dstSubfolderSpec = 10;
			files = (
				A4B174B91AC5AA1E00CA8010 /* DataKit.framework in Embed Frameworks */,
			);
			name = "Embed Frameworks";
			runOnlyForDeploymentPostprocessing = 0;
		};
/* End PBXCopyFilesBuildPhase section */

/* Begin PBXFileReference section */
		A41FD1171ACE647F00BBB6F4 /* Wormhole.swift */ = {isa = PBXFileReference; fileEncoding = 4; lastKnownFileType = sourcecode.swift; path = Wormhole.swift; sourceTree = "<group>"; };
		A422355B1AC676B6009F3BDC /* QuestionTableRowController.swift */ = {isa = PBXFileReference; fileEncoding = 4; lastKnownFileType = sourcecode.swift; path = QuestionTableRowController.swift; sourceTree = "<group>"; };
		A42235651AC69FFF009F3BDC /* ChoiceTableRowController.swift */ = {isa = PBXFileReference; fileEncoding = 4; lastKnownFileType = sourcecode.swift; path = ChoiceTableRowController.swift; sourceTree = "<group>"; };
		A42235671AC6A213009F3BDC /* ChoiceInterfaceController.swift */ = {isa = PBXFileReference; fileEncoding = 4; lastKnownFileType = sourcecode.swift; path = ChoiceInterfaceController.swift; sourceTree = "<group>"; };
		A42DE91B1AD22D400090CC0E /* HelpMethod.h */ = {isa = PBXFileReference; fileEncoding = 4; lastKnownFileType = sourcecode.c.h; path = HelpMethod.h; sourceTree = "<group>"; };
		A42DE91C1AD22D400090CC0E /* HelpMethod.m */ = {isa = PBXFileReference; fileEncoding = 4; lastKnownFileType = sourcecode.c.objc; path = HelpMethod.m; sourceTree = "<group>"; };
		A438B4001AD6B8BF00F45468 /* en */ = {isa = PBXFileReference; lastKnownFileType = text.plist.strings; name = en; path = en.lproj/Interface.strings; sourceTree = "<group>"; };
		A43B54CC1A5AA9D500ACB30C /* HardChoice.entitlements */ = {isa = PBXFileReference; lastKnownFileType = text.xml; path = HardChoice.entitlements; sourceTree = "<group>"; };
		A440861A1AD585FD00157968 /* GlanceController.swift */ = {isa = PBXFileReference; fileEncoding = 4; lastKnownFileType = sourcecode.swift; path = GlanceController.swift; sourceTree = "<group>"; };
		A458BAC81ADE737400FBD69A /* Question.swift */ = {isa = PBXFileReference; fileEncoding = 4; lastKnownFileType = sourcecode.swift; path = Question.swift; sourceTree = "<group>"; };
		A458BACA1ADE737500FBD69A /* Choice.swift */ = {isa = PBXFileReference; fileEncoding = 4; lastKnownFileType = sourcecode.swift; path = Choice.swift; sourceTree = "<group>"; };
		A474C91F19A0854A00262645 /* DynamicCell.swift */ = {isa = PBXFileReference; fileEncoding = 4; lastKnownFileType = sourcecode.swift; path = DynamicCell.swift; sourceTree = "<group>"; };
		A481281B1962A39F0048AB6C /* HardChoice.app */ = {isa = PBXFileReference; explicitFileType = wrapper.application; includeInIndex = 0; path = HardChoice.app; sourceTree = BUILT_PRODUCTS_DIR; };
		A48128201962A39F0048AB6C /* AppDelegate.swift */ = {isa = PBXFileReference; lastKnownFileType = sourcecode.swift; path = AppDelegate.swift; sourceTree = "<group>"; };
		A48128231962A39F0048AB6C /* HardChoice.xcdatamodel */ = {isa = PBXFileReference; lastKnownFileType = wrapper.xcdatamodel; path = HardChoice.xcdatamodel; sourceTree = "<group>"; };
		A48128251962A39F0048AB6C /* MasterViewController.swift */ = {isa = PBXFileReference; lastKnownFileType = sourcecode.swift; path = MasterViewController.swift; sourceTree = "<group>"; };
		A48128271962A39F0048AB6C /* DetailViewController.swift */ = {isa = PBXFileReference; lastKnownFileType = sourcecode.swift; path = DetailViewController.swift; sourceTree = "<group>"; };
		A481282A1962A39F0048AB6C /* Base */ = {isa = PBXFileReference; lastKnownFileType = file.storyboard; name = Base; path = Base.lproj/Main.storyboard; sourceTree = "<group>"; };
		A481282C1962A39F0048AB6C /* Images.xcassets */ = {isa = PBXFileReference; lastKnownFileType = folder.assetcatalog; path = Images.xcassets; sourceTree = "<group>"; };
		A48128321962A39F0048AB6C /* HardChoiceTests.xctest */ = {isa = PBXFileReference; explicitFileType = wrapper.cfbundle; includeInIndex = 0; path = HardChoiceTests.xctest; sourceTree = BUILT_PRODUCTS_DIR; };
		A48128371962A39F0048AB6C /* Info.plist */ = {isa = PBXFileReference; lastKnownFileType = text.plist.xml; path = Info.plist; sourceTree = "<group>"; };
		A48128381962A39F0048AB6C /* HardChoiceTests.swift */ = {isa = PBXFileReference; lastKnownFileType = sourcecode.swift; path = HardChoiceTests.swift; sourceTree = "<group>"; };
		A49F69F61AD7919500E4D498 /* zh-Hans */ = {isa = PBXFileReference; lastKnownFileType = text.plist.strings; name = "zh-Hans"; path = "zh-Hans.lproj/Interface.strings"; sourceTree = "<group>"; };
		A4B174791AC551CC00CA8010 /* HardChoice WatchKit Extension.appex */ = {isa = PBXFileReference; explicitFileType = "wrapper.app-extension"; includeInIndex = 0; path = "HardChoice WatchKit Extension.appex"; sourceTree = BUILT_PRODUCTS_DIR; };
		A4B1747C1AC551CD00CA8010 /* Info.plist */ = {isa = PBXFileReference; lastKnownFileType = text.plist.xml; path = Info.plist; sourceTree = "<group>"; };
		A4B1747D1AC551CD00CA8010 /* PushNotificationPayload.apns */ = {isa = PBXFileReference; lastKnownFileType = text; path = PushNotificationPayload.apns; sourceTree = "<group>"; };
		A4B1747E1AC551CD00CA8010 /* QuestionInterfaceController.swift */ = {isa = PBXFileReference; lastKnownFileType = sourcecode.swift; path = QuestionInterfaceController.swift; sourceTree = "<group>"; };
		A4B174801AC551CD00CA8010 /* NotificationController.swift */ = {isa = PBXFileReference; lastKnownFileType = sourcecode.swift; path = NotificationController.swift; sourceTree = "<group>"; };
		A4B174821AC551CD00CA8010 /* Images.xcassets */ = {isa = PBXFileReference; lastKnownFileType = folder.assetcatalog; path = Images.xcassets; sourceTree = "<group>"; };
		A4B174861AC551CD00CA8010 /* HardChoice WatchKit App.app */ = {isa = PBXFileReference; explicitFileType = wrapper.application; includeInIndex = 0; path = "HardChoice WatchKit App.app"; sourceTree = BUILT_PRODUCTS_DIR; };
		A4B1748C1AC551CD00CA8010 /* Info.plist */ = {isa = PBXFileReference; lastKnownFileType = text.plist.xml; path = Info.plist; sourceTree = "<group>"; };
		A4B1748E1AC551CD00CA8010 /* Base */ = {isa = PBXFileReference; lastKnownFileType = file.storyboard; name = Base; path = Base.lproj/Interface.storyboard; sourceTree = "<group>"; };
		A4B174901AC551CD00CA8010 /* Images.xcassets */ = {isa = PBXFileReference; lastKnownFileType = folder.assetcatalog; path = Images.xcassets; sourceTree = "<group>"; };
		A4B1749B1AC59E7500CA8010 /* HardChoice WatchKit Extension.entitlements */ = {isa = PBXFileReference; lastKnownFileType = text.xml; path = "HardChoice WatchKit Extension.entitlements"; sourceTree = "<group>"; };
		A4B174A11AC5AA1E00CA8010 /* DataKit.framework */ = {isa = PBXFileReference; explicitFileType = wrapper.framework; includeInIndex = 0; path = DataKit.framework; sourceTree = BUILT_PRODUCTS_DIR; };
		A4B174A41AC5AA1E00CA8010 /* Info.plist */ = {isa = PBXFileReference; lastKnownFileType = text.plist.xml; path = Info.plist; sourceTree = "<group>"; };
		A4B174A51AC5AA1E00CA8010 /* DataKit.h */ = {isa = PBXFileReference; lastKnownFileType = sourcecode.c.h; path = DataKit.h; sourceTree = "<group>"; };
		A4B174AB1AC5AA1E00CA8010 /* DataKitTests.xctest */ = {isa = PBXFileReference; explicitFileType = wrapper.cfbundle; includeInIndex = 0; path = DataKitTests.xctest; sourceTree = BUILT_PRODUCTS_DIR; };
		A4B174B31AC5AA1E00CA8010 /* Info.plist */ = {isa = PBXFileReference; lastKnownFileType = text.plist.xml; path = Info.plist; sourceTree = "<group>"; };
		A4B174B41AC5AA1E00CA8010 /* DataKitTests.swift */ = {isa = PBXFileReference; lastKnownFileType = sourcecode.swift; path = DataKitTests.swift; sourceTree = "<group>"; };
		A4B174F41AC5AABF00CA8010 /* DataAccess.swift */ = {isa = PBXFileReference; fileEncoding = 4; lastKnownFileType = sourcecode.swift; path = DataAccess.swift; sourceTree = "<group>"; };
		A4BACB0C19DC0BAA008FA8A7 /* Info.plist */ = {isa = PBXFileReference; fileEncoding = 4; lastKnownFileType = text.plist.xml; path = Info.plist; sourceTree = "<group>"; };
		A4BACB1119DC0E6D008FA8A7 /* Base */ = {isa = PBXFileReference; lastKnownFileType = text.plist.strings; name = Base; path = Base.lproj/InfoPlist.strings; sourceTree = "<group>"; };
		A4BACB1319DC0E6E008FA8A7 /* zh-Hans */ = {isa = PBXFileReference; lastKnownFileType = text.plist.strings; name = "zh-Hans"; path = "zh-Hans.lproj/InfoPlist.strings"; sourceTree = "<group>"; };
		A4BACB1419DC0E6F008FA8A7 /* en */ = {isa = PBXFileReference; lastKnownFileType = text.plist.strings; name = en; path = en.lproj/InfoPlist.strings; sourceTree = "<group>"; };
		A4C17F3319DBF54B001296E5 /* zh-Hans */ = {isa = PBXFileReference; lastKnownFileType = text.plist.strings; name = "zh-Hans"; path = "zh-Hans.lproj/Main.strings"; sourceTree = "<group>"; };
		A4C17F3419DBF665001296E5 /* en */ = {isa = PBXFileReference; lastKnownFileType = text.plist.strings; name = en; path = en.lproj/Main.strings; sourceTree = "<group>"; };
		A4C17F3819DBF84A001296E5 /* zh-Hans */ = {isa = PBXFileReference; lastKnownFileType = text.plist.strings; name = "zh-Hans"; path = "zh-Hans.lproj/Localizable.strings"; sourceTree = "<group>"; };
		A4DCE0191A83927100EA39B1 /* Crashlytics.framework */ = {isa = PBXFileReference; lastKnownFileType = wrapper.framework; path = Crashlytics.framework; sourceTree = "<group>"; };
		A4DCE01A1A83927100EA39B1 /* Fabric.framework */ = {isa = PBXFileReference; lastKnownFileType = wrapper.framework; path = Fabric.framework; sourceTree = "<group>"; };
		A4F92B8B19DCF75700C87D0E /* en */ = {isa = PBXFileReference; lastKnownFileType = file.xib; name = en; path = "en.lproj/Launch Screen.xib"; sourceTree = "<group>"; };
		A4F92B8F19DCF85200C87D0E /* zh-Hans */ = {isa = PBXFileReference; lastKnownFileType = file.xib; name = "zh-Hans"; path = "zh-Hans.lproj/Launch Screen.xib"; sourceTree = "<group>"; };
		A4F92B9019DCF87800C87D0E /* Base */ = {isa = PBXFileReference; lastKnownFileType = file.xib; name = Base; path = "Base.lproj/Launch Screen.xib"; sourceTree = "<group>"; };
/* End PBXFileReference section */

/* Begin PBXFrameworksBuildPhase section */
		A48128181962A39F0048AB6C /* Frameworks */ = {
			isa = PBXFrameworksBuildPhase;
			buildActionMask = 2147483647;
			files = (
				A4B174B81AC5AA1E00CA8010 /* DataKit.framework in Frameworks */,
				A4DCE01B1A83927100EA39B1 /* Crashlytics.framework in Frameworks */,
				A4DCE01C1A83927100EA39B1 /* Fabric.framework in Frameworks */,
			);
			runOnlyForDeploymentPostprocessing = 0;
		};
		A481282F1962A39F0048AB6C /* Frameworks */ = {
			isa = PBXFrameworksBuildPhase;
			buildActionMask = 2147483647;
			files = (
			);
			runOnlyForDeploymentPostprocessing = 0;
		};
		A4B174761AC551CC00CA8010 /* Frameworks */ = {
			isa = PBXFrameworksBuildPhase;
			buildActionMask = 2147483647;
			files = (
			);
			runOnlyForDeploymentPostprocessing = 0;
		};
		A4B1749D1AC5AA1E00CA8010 /* Frameworks */ = {
			isa = PBXFrameworksBuildPhase;
			buildActionMask = 2147483647;
			files = (
			);
			runOnlyForDeploymentPostprocessing = 0;
		};
		A4B174A81AC5AA1E00CA8010 /* Frameworks */ = {
			isa = PBXFrameworksBuildPhase;
			buildActionMask = 2147483647;
			files = (
				A4B174AC1AC5AA1E00CA8010 /* DataKit.framework in Frameworks */,
			);
			runOnlyForDeploymentPostprocessing = 0;
		};
/* End PBXFrameworksBuildPhase section */

/* Begin PBXGroup section */
		A4514ED11AE0B7F400DC7701 /* HardChoice WatchKit App */ = {
			isa = PBXGroup;
			children = (
				A4B1747A1AC551CD00CA8010 /* HardChoice WatchKit Extension */,
				A4B1748A1AC551CD00CA8010 /* HardChoice WatchKit App */,
			);
			name = "HardChoice WatchKit App";
			sourceTree = "<group>";
		};
		A4514ED21AE0B89200DC7701 /* Main App */ = {
			isa = PBXGroup;
			children = (
				A4B1747E1AC551CD00CA8010 /* QuestionInterfaceController.swift */,
				A42235671AC6A213009F3BDC /* ChoiceInterfaceController.swift */,
				A4514ED31AE0B8D400DC7701 /* Row Controllers */,
			);
			name = "Main App";
			sourceTree = "<group>";
		};
		A4514ED31AE0B8D400DC7701 /* Row Controllers */ = {
			isa = PBXGroup;
			children = (
				A422355B1AC676B6009F3BDC /* QuestionTableRowController.swift */,
				A42235651AC69FFF009F3BDC /* ChoiceTableRowController.swift */,
			);
			name = "Row Controllers";
			sourceTree = "<group>";
		};
		A4514ED41AE0B90900DC7701 /* Glance */ = {
			isa = PBXGroup;
			children = (
				A440861A1AD585FD00157968 /* GlanceController.swift */,
			);
			name = Glance;
			sourceTree = "<group>";
		};
		A4514ED51AE0B92200DC7701 /* Notification */ = {
			isa = PBXGroup;
			children = (
				A4B174801AC551CD00CA8010 /* NotificationController.swift */,
			);
			name = Notification;
			sourceTree = "<group>";
		};
		A4514ED61AE0B96D00DC7701 /* View Controllers */ = {
			isa = PBXGroup;
			children = (
				A48128251962A39F0048AB6C /* MasterViewController.swift */,
				A48128271962A39F0048AB6C /* DetailViewController.swift */,
			);
			name = "View Controllers";
			sourceTree = "<group>";
		};
		A48128121962A39F0048AB6C = {
			isa = PBXGroup;
			children = (
				A4514ED11AE0B7F400DC7701 /* HardChoice WatchKit App */,
				A481281D1962A39F0048AB6C /* HardChoice */,
				A4B174A21AC5AA1E00CA8010 /* DataKit */,
				A481281C1962A39F0048AB6C /* Products */,
				DD80FC3B4E004CB5B1C4AC49 /* Frameworks */,
			);
			sourceTree = "<group>";
		};
		A481281C1962A39F0048AB6C /* Products */ = {
			isa = PBXGroup;
			children = (
				A481281B1962A39F0048AB6C /* HardChoice.app */,
				A48128321962A39F0048AB6C /* HardChoiceTests.xctest */,
				A4B174791AC551CC00CA8010 /* HardChoice WatchKit Extension.appex */,
				A4B174861AC551CD00CA8010 /* HardChoice WatchKit App.app */,
				A4B174A11AC5AA1E00CA8010 /* DataKit.framework */,
				A4B174AB1AC5AA1E00CA8010 /* DataKitTests.xctest */,
			);
			name = Products;
			sourceTree = "<group>";
		};
		A481281D1962A39F0048AB6C /* HardChoice */ = {
			isa = PBXGroup;
			children = (
				A48128201962A39F0048AB6C /* AppDelegate.swift */,
				A48128291962A39F0048AB6C /* Main.storyboard */,
				A4F92B8C19DCF75700C87D0E /* Launch Screen.xib */,
				A4514ED61AE0B96D00DC7701 /* View Controllers */,
				A4CEA7F91963D77D00CE2B8B /* Views */,
				A48128351962A39F0048AB6C /* HardChoiceTests */,
				A481281E1962A39F0048AB6C /* Supporting Files */,
			);
			path = HardChoice;
			sourceTree = "<group>";
		};
		A481281E1962A39F0048AB6C /* Supporting Files */ = {
			isa = PBXGroup;
			children = (
				A481282C1962A39F0048AB6C /* Images.xcassets */,
				A43B54CC1A5AA9D500ACB30C /* HardChoice.entitlements */,
				A4C17F3919DBF84A001296E5 /* Localizable.strings */,
				A4BACB0C19DC0BAA008FA8A7 /* Info.plist */,
				A4BACB1219DC0E6D008FA8A7 /* InfoPlist.strings */,
			);
			name = "Supporting Files";
			sourceTree = "<group>";
		};
		A48128351962A39F0048AB6C /* HardChoiceTests */ = {
			isa = PBXGroup;
			children = (
				A48128381962A39F0048AB6C /* HardChoiceTests.swift */,
				A48128361962A39F0048AB6C /* Supporting Files */,
			);
			path = HardChoiceTests;
			sourceTree = SOURCE_ROOT;
		};
		A48128361962A39F0048AB6C /* Supporting Files */ = {
			isa = PBXGroup;
			children = (
				A48128371962A39F0048AB6C /* Info.plist */,
			);
			name = "Supporting Files";
			sourceTree = "<group>";
		};
		A4AF80F71AE5FA3000DC6905 /* Wormhole */ = {
			isa = PBXGroup;
			children = (
				A41FD1171ACE647F00BBB6F4 /* Wormhole.swift */,
				A42DE91B1AD22D400090CC0E /* HelpMethod.h */,
				A42DE91C1AD22D400090CC0E /* HelpMethod.m */,
			);
			name = Wormhole;
			sourceTree = "<group>";
		};
		A4B1747A1AC551CD00CA8010 /* HardChoice WatchKit Extension */ = {
			isa = PBXGroup;
			children = (
				A4514ED21AE0B89200DC7701 /* Main App */,
				A4514ED41AE0B90900DC7701 /* Glance */,
				A4514ED51AE0B92200DC7701 /* Notification */,
				A4B1747B1AC551CD00CA8010 /* Supporting Files */,
			);
			path = "HardChoice WatchKit Extension";
			sourceTree = "<group>";
		};
		A4B1747B1AC551CD00CA8010 /* Supporting Files */ = {
			isa = PBXGroup;
			children = (
				A4B174821AC551CD00CA8010 /* Images.xcassets */,
				A4B1749B1AC59E7500CA8010 /* HardChoice WatchKit Extension.entitlements */,
				A4B1747C1AC551CD00CA8010 /* Info.plist */,
				A4B1747D1AC551CD00CA8010 /* PushNotificationPayload.apns */,
			);
			name = "Supporting Files";
			sourceTree = "<group>";
		};
		A4B1748A1AC551CD00CA8010 /* HardChoice WatchKit App */ = {
			isa = PBXGroup;
			children = (
				A4B1748D1AC551CD00CA8010 /* Interface.storyboard */,
				A4B174901AC551CD00CA8010 /* Images.xcassets */,
				A4B1748B1AC551CD00CA8010 /* Supporting Files */,
			);
			path = "HardChoice WatchKit App";
			sourceTree = "<group>";
		};
		A4B1748B1AC551CD00CA8010 /* Supporting Files */ = {
			isa = PBXGroup;
			children = (
				A4B1748C1AC551CD00CA8010 /* Info.plist */,
			);
			name = "Supporting Files";
			sourceTree = "<group>";
		};
		A4B174A21AC5AA1E00CA8010 /* DataKit */ = {
			isa = PBXGroup;
			children = (
				A4AF80F71AE5FA3000DC6905 /* Wormhole */,
				A4CEA7FD1963D7AC00CE2B8B /* Model */,
				A4B174A51AC5AA1E00CA8010 /* DataKit.h */,
				A4B174F41AC5AABF00CA8010 /* DataAccess.swift */,
				A48128221962A39F0048AB6C /* HardChoice.xcdatamodeld */,
				A4B174A31AC5AA1E00CA8010 /* Supporting Files */,
				A4B174B11AC5AA1E00CA8010 /* DataKitTests */,
			);
			path = DataKit;
			sourceTree = "<group>";
		};
		A4B174A31AC5AA1E00CA8010 /* Supporting Files */ = {
			isa = PBXGroup;
			children = (
				A4B174A41AC5AA1E00CA8010 /* Info.plist */,
			);
			name = "Supporting Files";
			sourceTree = "<group>";
		};
		A4B174B11AC5AA1E00CA8010 /* DataKitTests */ = {
			isa = PBXGroup;
			children = (
				A4B174B41AC5AA1E00CA8010 /* DataKitTests.swift */,
				A4B174B21AC5AA1E00CA8010 /* Supporting Files */,
			);
			path = DataKitTests;
			sourceTree = SOURCE_ROOT;
		};
		A4B174B21AC5AA1E00CA8010 /* Supporting Files */ = {
			isa = PBXGroup;
			children = (
				A4B174B31AC5AA1E00CA8010 /* Info.plist */,
			);
			name = "Supporting Files";
			sourceTree = "<group>";
		};
		A4CEA7F91963D77D00CE2B8B /* Views */ = {
			isa = PBXGroup;
			children = (
				A474C91F19A0854A00262645 /* DynamicCell.swift */,
			);
			name = Views;
			sourceTree = "<group>";
		};
		A4CEA7FD1963D7AC00CE2B8B /* Model */ = {
			isa = PBXGroup;
			children = (
				A458BAC81ADE737400FBD69A /* Question.swift */,
				A458BACA1ADE737500FBD69A /* Choice.swift */,
			);
			name = Model;
			path = ../HardChoice;
			sourceTree = "<group>";
		};
		DD80FC3B4E004CB5B1C4AC49 /* Frameworks */ = {
			isa = PBXGroup;
			children = (
				A4DCE0191A83927100EA39B1 /* Crashlytics.framework */,
				A4DCE01A1A83927100EA39B1 /* Fabric.framework */,
			);
			name = Frameworks;
			sourceTree = "<group>";
		};
/* End PBXGroup section */

/* Begin PBXHeadersBuildPhase section */
		A4B1749E1AC5AA1E00CA8010 /* Headers */ = {
			isa = PBXHeadersBuildPhase;
			buildActionMask = 2147483647;
			files = (
				A42DE92A1AD2DF3C0090CC0E /* HelpMethod.h in Headers */,
				A4B174A61AC5AA1E00CA8010 /* DataKit.h in Headers */,
			);
			runOnlyForDeploymentPostprocessing = 0;
		};
/* End PBXHeadersBuildPhase section */

/* Begin PBXNativeTarget section */
		A481281A1962A39F0048AB6C /* HardChoice */ = {
			isa = PBXNativeTarget;
			buildConfigurationList = A481283C1962A39F0048AB6C /* Build configuration list for PBXNativeTarget "HardChoice" */;
			buildPhases = (
				A48128171962A39F0048AB6C /* Sources */,
				A48128181962A39F0048AB6C /* Frameworks */,
				A48128191962A39F0048AB6C /* Resources */,
				A45D3B78198E3C2C0018C72E /* Embed App Extensions */,
				A4DCE0181A83916200EA39B1 /* ShellScript */,
				A4B174BF1AC5AA1E00CA8010 /* Embed Frameworks */,
			);
			buildRules = (
			);
			dependencies = (
				A4B174931AC551CD00CA8010 /* PBXTargetDependency */,
				A4B174B71AC5AA1E00CA8010 /* PBXTargetDependency */,
			);
			name = HardChoice;
			productName = HardChoice;
			productReference = A481281B1962A39F0048AB6C /* HardChoice.app */;
			productType = "com.apple.product-type.application";
		};
		A48128311962A39F0048AB6C /* HardChoiceTests */ = {
			isa = PBXNativeTarget;
			buildConfigurationList = A481283F1962A39F0048AB6C /* Build configuration list for PBXNativeTarget "HardChoiceTests" */;
			buildPhases = (
				A481282E1962A39F0048AB6C /* Sources */,
				A481282F1962A39F0048AB6C /* Frameworks */,
				A48128301962A39F0048AB6C /* Resources */,
			);
			buildRules = (
			);
			dependencies = (
				A48128341962A39F0048AB6C /* PBXTargetDependency */,
			);
			name = HardChoiceTests;
			productName = HardChoiceTests;
			productReference = A48128321962A39F0048AB6C /* HardChoiceTests.xctest */;
			productType = "com.apple.product-type.bundle.unit-test";
		};
		A4B174781AC551CC00CA8010 /* HardChoice WatchKit Extension */ = {
			isa = PBXNativeTarget;
			buildConfigurationList = A4B1749A1AC551CD00CA8010 /* Build configuration list for PBXNativeTarget "HardChoice WatchKit Extension" */;
			buildPhases = (
				A4B174751AC551CC00CA8010 /* Sources */,
				A4B174761AC551CC00CA8010 /* Frameworks */,
				A4B174771AC551CC00CA8010 /* Resources */,
			);
			buildRules = (
			);
			dependencies = (
				A4B174891AC551CD00CA8010 /* PBXTargetDependency */,
			);
			name = "HardChoice WatchKit Extension";
			productName = "HardChoice WatchKit Extension";
			productReference = A4B174791AC551CC00CA8010 /* HardChoice WatchKit Extension.appex */;
			productType = "com.apple.product-type.watchkit-extension";
		};
		A4B174851AC551CD00CA8010 /* HardChoice WatchKit App */ = {
			isa = PBXNativeTarget;
			buildConfigurationList = A4B174991AC551CD00CA8010 /* Build configuration list for PBXNativeTarget "HardChoice WatchKit App" */;
			buildPhases = (
				A4B174841AC551CD00CA8010 /* Resources */,
			);
			buildRules = (
			);
			dependencies = (
			);
			name = "HardChoice WatchKit App";
			productName = "HardChoice WatchKit App";
			productReference = A4B174861AC551CD00CA8010 /* HardChoice WatchKit App.app */;
			productType = "com.apple.product-type.application.watchapp";
		};
		A4B174A01AC5AA1E00CA8010 /* DataKit */ = {
			isa = PBXNativeTarget;
			buildConfigurationList = A4B174BE1AC5AA1E00CA8010 /* Build configuration list for PBXNativeTarget "DataKit" */;
			buildPhases = (
				A4B1749C1AC5AA1E00CA8010 /* Sources */,
				A4B1749D1AC5AA1E00CA8010 /* Frameworks */,
				A4B1749E1AC5AA1E00CA8010 /* Headers */,
				A4B1749F1AC5AA1E00CA8010 /* Resources */,
			);
			buildRules = (
			);
			dependencies = (
			);
			name = DataKit;
			productName = DataKit;
			productReference = A4B174A11AC5AA1E00CA8010 /* DataKit.framework */;
			productType = "com.apple.product-type.framework";
		};
		A4B174AA1AC5AA1E00CA8010 /* DataKitTests */ = {
			isa = PBXNativeTarget;
			buildConfigurationList = A4B174C01AC5AA1E00CA8010 /* Build configuration list for PBXNativeTarget "DataKitTests" */;
			buildPhases = (
				A4B174A71AC5AA1E00CA8010 /* Sources */,
				A4B174A81AC5AA1E00CA8010 /* Frameworks */,
				A4B174A91AC5AA1E00CA8010 /* Resources */,
			);
			buildRules = (
			);
			dependencies = (
				A4B174AE1AC5AA1E00CA8010 /* PBXTargetDependency */,
				A4B174B01AC5AA1E00CA8010 /* PBXTargetDependency */,
			);
			name = DataKitTests;
			productName = DataKitTests;
			productReference = A4B174AB1AC5AA1E00CA8010 /* DataKitTests.xctest */;
			productType = "com.apple.product-type.bundle.unit-test";
		};
/* End PBXNativeTarget section */

/* Begin PBXProject section */
		A48128131962A39F0048AB6C /* Project object */ = {
			isa = PBXProject;
			attributes = {
				LastSwiftMigration = 0700;
				LastSwiftUpdateCheck = 0720;
				LastUpgradeCheck = 0610;
				ORGANIZATIONNAME = "杨萧玉";
				TargetAttributes = {
					A481281A1962A39F0048AB6C = {
						CreatedOnToolsVersion = 6.0;
						DevelopmentTeam = D3RCVUP6VH;
						SystemCapabilities = {
							com.apple.ApplicationGroups.iOS = {
								enabled = 1;
							};
							com.apple.iCloud = {
								enabled = 1;
							};
						};
					};
					A48128311962A39F0048AB6C = {
						CreatedOnToolsVersion = 6.0;
						TestTargetID = A481281A1962A39F0048AB6C;
					};
					A4B174781AC551CC00CA8010 = {
						CreatedOnToolsVersion = 6.3;
						DevelopmentTeam = D3RCVUP6VH;
						SystemCapabilities = {
							com.apple.ApplicationGroups.iOS = {
								enabled = 1;
							};
							com.apple.iCloud = {
								enabled = 1;
							};
						};
					};
					A4B174851AC551CD00CA8010 = {
						CreatedOnToolsVersion = 6.3;
						DevelopmentTeam = D3RCVUP6VH;
					};
					A4B174A01AC5AA1E00CA8010 = {
						CreatedOnToolsVersion = 6.3;
						DevelopmentTeam = D3RCVUP6VH;
					};
					A4B174AA1AC5AA1E00CA8010 = {
						CreatedOnToolsVersion = 6.3;
						TestTargetID = A481281A1962A39F0048AB6C;
					};
				};
			};
			buildConfigurationList = A48128161962A39F0048AB6C /* Build configuration list for PBXProject "HardChoice" */;
			compatibilityVersion = "Xcode 3.2";
			developmentRegion = English;
			hasScannedForEncodings = 0;
			knownRegions = (
				en,
				Base,
				"zh-Hans",
			);
			mainGroup = A48128121962A39F0048AB6C;
			productRefGroup = A481281C1962A39F0048AB6C /* Products */;
			projectDirPath = "";
			projectRoot = "";
			targets = (
				A481281A1962A39F0048AB6C /* HardChoice */,
				A48128311962A39F0048AB6C /* HardChoiceTests */,
				A4B174781AC551CC00CA8010 /* HardChoice WatchKit Extension */,
				A4B174851AC551CD00CA8010 /* HardChoice WatchKit App */,
				A4B174A01AC5AA1E00CA8010 /* DataKit */,
				A4B174AA1AC5AA1E00CA8010 /* DataKitTests */,
			);
		};
/* End PBXProject section */

/* Begin PBXResourcesBuildPhase section */
		A48128191962A39F0048AB6C /* Resources */ = {
			isa = PBXResourcesBuildPhase;
			buildActionMask = 2147483647;
			files = (
				A481282B1962A39F0048AB6C /* Main.storyboard in Resources */,
				A4BACB1019DC0E6D008FA8A7 /* InfoPlist.strings in Resources */,
				A4C17F3719DBF84A001296E5 /* Localizable.strings in Resources */,
				A481282D1962A39F0048AB6C /* Images.xcassets in Resources */,
				A4F92B8A19DCF75700C87D0E /* Launch Screen.xib in Resources */,
			);
			runOnlyForDeploymentPostprocessing = 0;
		};
		A48128301962A39F0048AB6C /* Resources */ = {
			isa = PBXResourcesBuildPhase;
			buildActionMask = 2147483647;
			files = (
			);
			runOnlyForDeploymentPostprocessing = 0;
		};
		A4B174771AC551CC00CA8010 /* Resources */ = {
			isa = PBXResourcesBuildPhase;
			buildActionMask = 2147483647;
			files = (
				A4B174871AC551CD00CA8010 /* HardChoice WatchKit App.app in Resources */,
				A4B174831AC551CD00CA8010 /* Images.xcassets in Resources */,
			);
			runOnlyForDeploymentPostprocessing = 0;
		};
		A4B174841AC551CD00CA8010 /* Resources */ = {
			isa = PBXResourcesBuildPhase;
			buildActionMask = 2147483647;
			files = (
				A4B1748F1AC551CD00CA8010 /* Interface.storyboard in Resources */,
				A4B174911AC551CD00CA8010 /* Images.xcassets in Resources */,
			);
			runOnlyForDeploymentPostprocessing = 0;
		};
		A4B1749F1AC5AA1E00CA8010 /* Resources */ = {
			isa = PBXResourcesBuildPhase;
			buildActionMask = 2147483647;
			files = (
			);
			runOnlyForDeploymentPostprocessing = 0;
		};
		A4B174A91AC5AA1E00CA8010 /* Resources */ = {
			isa = PBXResourcesBuildPhase;
			buildActionMask = 2147483647;
			files = (
			);
			runOnlyForDeploymentPostprocessing = 0;
		};
/* End PBXResourcesBuildPhase section */

/* Begin PBXShellScriptBuildPhase section */
		A4DCE0181A83916200EA39B1 /* ShellScript */ = {
			isa = PBXShellScriptBuildPhase;
			buildActionMask = 2147483647;
			files = (
			);
			inputPaths = (
			);
			outputPaths = (
			);
			runOnlyForDeploymentPostprocessing = 0;
			shellPath = /bin/sh;
			shellScript = "if [ \"${CONFIGURATION}\" = \"Release\" ]; then\n./Fabric.framework/run 9f390390e312b5a6d8108a6d977e5b5425ef2da3 c3f24c2e2f19128e225aacae23e2fa2659ec714e7f411c46a14eca2577b9c550\nfi";
		};
/* End PBXShellScriptBuildPhase section */

/* Begin PBXSourcesBuildPhase section */
		A48128171962A39F0048AB6C /* Sources */ = {
			isa = PBXSourcesBuildPhase;
			buildActionMask = 2147483647;
			files = (
				A474C92019A0854A00262645 /* DynamicCell.swift in Sources */,
				A48128211962A39F0048AB6C /* AppDelegate.swift in Sources */,
				A4AF80F51AE5F55800DC6905 /* HardChoice.xcdatamodeld in Sources */,
				A48128261962A39F0048AB6C /* MasterViewController.swift in Sources */,
				A48128281962A39F0048AB6C /* DetailViewController.swift in Sources */,
			);
			runOnlyForDeploymentPostprocessing = 0;
		};
		A481282E1962A39F0048AB6C /* Sources */ = {
			isa = PBXSourcesBuildPhase;
			buildActionMask = 2147483647;
			files = (
				A48128391962A39F0048AB6C /* HardChoiceTests.swift in Sources */,
			);
			runOnlyForDeploymentPostprocessing = 0;
		};
		A4B174751AC551CC00CA8010 /* Sources */ = {
			isa = PBXSourcesBuildPhase;
			buildActionMask = 2147483647;
			files = (
				A4B174811AC551CD00CA8010 /* NotificationController.swift in Sources */,
				A42235681AC6A213009F3BDC /* ChoiceInterfaceController.swift in Sources */,
				A42235661AC69FFF009F3BDC /* ChoiceTableRowController.swift in Sources */,
				A440861B1AD585FD00157968 /* GlanceController.swift in Sources */,
				A422355C1AC676B6009F3BDC /* QuestionTableRowController.swift in Sources */,
				A4AF80F81AE5FD1400DC6905 /* HardChoice.xcdatamodeld in Sources */,
				A4B1747F1AC551CD00CA8010 /* QuestionInterfaceController.swift in Sources */,
			);
			runOnlyForDeploymentPostprocessing = 0;
		};
		A4B1749C1AC5AA1E00CA8010 /* Sources */ = {
			isa = PBXSourcesBuildPhase;
			buildActionMask = 2147483647;
			files = (
				A458BAC91ADE737400FBD69A /* Question.swift in Sources */,
				A458BACB1ADE737500FBD69A /* Choice.swift in Sources */,
				A41FD1181ACE647F00BBB6F4 /* Wormhole.swift in Sources */,
				A42DE91E1AD22D400090CC0E /* HelpMethod.m in Sources */,
				A4B174F51AC5AABF00CA8010 /* DataAccess.swift in Sources */,
			);
			runOnlyForDeploymentPostprocessing = 0;
		};
		A4B174A71AC5AA1E00CA8010 /* Sources */ = {
			isa = PBXSourcesBuildPhase;
			buildActionMask = 2147483647;
			files = (
				A4B174B51AC5AA1E00CA8010 /* DataKitTests.swift in Sources */,
			);
			runOnlyForDeploymentPostprocessing = 0;
		};
/* End PBXSourcesBuildPhase section */

/* Begin PBXTargetDependency section */
		A48128341962A39F0048AB6C /* PBXTargetDependency */ = {
			isa = PBXTargetDependency;
			target = A481281A1962A39F0048AB6C /* HardChoice */;
			targetProxy = A48128331962A39F0048AB6C /* PBXContainerItemProxy */;
		};
		A4B174891AC551CD00CA8010 /* PBXTargetDependency */ = {
			isa = PBXTargetDependency;
			target = A4B174851AC551CD00CA8010 /* HardChoice WatchKit App */;
			targetProxy = A4B174881AC551CD00CA8010 /* PBXContainerItemProxy */;
		};
		A4B174931AC551CD00CA8010 /* PBXTargetDependency */ = {
			isa = PBXTargetDependency;
			target = A4B174781AC551CC00CA8010 /* HardChoice WatchKit Extension */;
			targetProxy = A4B174921AC551CD00CA8010 /* PBXContainerItemProxy */;
		};
		A4B174AE1AC5AA1E00CA8010 /* PBXTargetDependency */ = {
			isa = PBXTargetDependency;
			target = A4B174A01AC5AA1E00CA8010 /* DataKit */;
			targetProxy = A4B174AD1AC5AA1E00CA8010 /* PBXContainerItemProxy */;
		};
		A4B174B01AC5AA1E00CA8010 /* PBXTargetDependency */ = {
			isa = PBXTargetDependency;
			target = A481281A1962A39F0048AB6C /* HardChoice */;
			targetProxy = A4B174AF1AC5AA1E00CA8010 /* PBXContainerItemProxy */;
		};
		A4B174B71AC5AA1E00CA8010 /* PBXTargetDependency */ = {
			isa = PBXTargetDependency;
			target = A4B174A01AC5AA1E00CA8010 /* DataKit */;
			targetProxy = A4B174B61AC5AA1E00CA8010 /* PBXContainerItemProxy */;
		};
/* End PBXTargetDependency section */

/* Begin PBXVariantGroup section */
		A48128291962A39F0048AB6C /* Main.storyboard */ = {
			isa = PBXVariantGroup;
			children = (
				A481282A1962A39F0048AB6C /* Base */,
				A4C17F3319DBF54B001296E5 /* zh-Hans */,
				A4C17F3419DBF665001296E5 /* en */,
			);
			name = Main.storyboard;
			sourceTree = "<group>";
		};
		A4B1748D1AC551CD00CA8010 /* Interface.storyboard */ = {
			isa = PBXVariantGroup;
			children = (
				A4B1748E1AC551CD00CA8010 /* Base */,
				A438B4001AD6B8BF00F45468 /* en */,
				A49F69F61AD7919500E4D498 /* zh-Hans */,
			);
			name = Interface.storyboard;
			sourceTree = "<group>";
		};
		A4BACB1219DC0E6D008FA8A7 /* InfoPlist.strings */ = {
			isa = PBXVariantGroup;
			children = (
				A4BACB1119DC0E6D008FA8A7 /* Base */,
				A4BACB1319DC0E6E008FA8A7 /* zh-Hans */,
				A4BACB1419DC0E6F008FA8A7 /* en */,
			);
			name = InfoPlist.strings;
			sourceTree = "<group>";
		};
		A4C17F3919DBF84A001296E5 /* Localizable.strings */ = {
			isa = PBXVariantGroup;
			children = (
				A4C17F3819DBF84A001296E5 /* zh-Hans */,
			);
			name = Localizable.strings;
			sourceTree = "<group>";
		};
		A4F92B8C19DCF75700C87D0E /* Launch Screen.xib */ = {
			isa = PBXVariantGroup;
			children = (
				A4F92B8B19DCF75700C87D0E /* en */,
				A4F92B8F19DCF85200C87D0E /* zh-Hans */,
				A4F92B9019DCF87800C87D0E /* Base */,
			);
			name = "Launch Screen.xib";
			sourceTree = "<group>";
		};
/* End PBXVariantGroup section */

/* Begin XCBuildConfiguration section */
		A481283A1962A39F0048AB6C /* Debug */ = {
			isa = XCBuildConfiguration;
			buildSettings = {
				ALWAYS_SEARCH_USER_PATHS = NO;
				CLANG_CXX_LANGUAGE_STANDARD = "gnu++0x";
				CLANG_CXX_LIBRARY = "libc++";
				CLANG_ENABLE_MODULES = YES;
				CLANG_ENABLE_OBJC_ARC = YES;
				CLANG_WARN_BOOL_CONVERSION = YES;
				CLANG_WARN_CONSTANT_CONVERSION = YES;
				CLANG_WARN_DIRECT_OBJC_ISA_USAGE = YES_ERROR;
				CLANG_WARN_EMPTY_BODY = YES;
				CLANG_WARN_ENUM_CONVERSION = YES;
				CLANG_WARN_INT_CONVERSION = YES;
				CLANG_WARN_OBJC_ROOT_CLASS = YES_ERROR;
				CLANG_WARN_UNREACHABLE_CODE = YES;
				CLANG_WARN__DUPLICATE_METHOD_MATCH = YES;
				"CODE_SIGN_IDENTITY[sdk=iphoneos*]" = "iPhone Developer";
				COPY_PHASE_STRIP = NO;
				DEFINES_MODULE = YES;
				ENABLE_BITCODE = YES;
				ENABLE_STRICT_OBJC_MSGSEND = YES;
				GCC_C_LANGUAGE_STANDARD = gnu99;
				GCC_DYNAMIC_NO_PIC = NO;
				GCC_OPTIMIZATION_LEVEL = 0;
				GCC_PREPROCESSOR_DEFINITIONS = (
					"DEBUG=1",
					"$(inherited)",
				);
				GCC_SYMBOLS_PRIVATE_EXTERN = NO;
				GCC_WARN_64_TO_32_BIT_CONVERSION = YES;
				GCC_WARN_ABOUT_RETURN_TYPE = YES_ERROR;
				GCC_WARN_UNDECLARED_SELECTOR = YES;
				GCC_WARN_UNINITIALIZED_AUTOS = YES_AGGRESSIVE;
				GCC_WARN_UNUSED_FUNCTION = YES;
				GCC_WARN_UNUSED_VARIABLE = YES;
				IPHONEOS_DEPLOYMENT_TARGET = 8.2;
				METAL_ENABLE_DEBUG_INFO = YES;
				ONLY_ACTIVE_ARCH = YES;
				SDKROOT = iphoneos;
				SWIFT_OPTIMIZATION_LEVEL = "-Onone";
			};
			name = Debug;
		};
		A481283B1962A39F0048AB6C /* Release */ = {
			isa = XCBuildConfiguration;
			buildSettings = {
				ALWAYS_SEARCH_USER_PATHS = NO;
				CLANG_CXX_LANGUAGE_STANDARD = "gnu++0x";
				CLANG_CXX_LIBRARY = "libc++";
				CLANG_ENABLE_MODULES = YES;
				CLANG_ENABLE_OBJC_ARC = YES;
				CLANG_WARN_BOOL_CONVERSION = YES;
				CLANG_WARN_CONSTANT_CONVERSION = YES;
				CLANG_WARN_DIRECT_OBJC_ISA_USAGE = YES_ERROR;
				CLANG_WARN_EMPTY_BODY = YES;
				CLANG_WARN_ENUM_CONVERSION = YES;
				CLANG_WARN_INT_CONVERSION = YES;
				CLANG_WARN_OBJC_ROOT_CLASS = YES_ERROR;
				CLANG_WARN_UNREACHABLE_CODE = YES;
				CLANG_WARN__DUPLICATE_METHOD_MATCH = YES;
				"CODE_SIGN_IDENTITY[sdk=iphoneos*]" = "iPhone Developer";
				COPY_PHASE_STRIP = YES;
				DEFINES_MODULE = YES;
				ENABLE_BITCODE = YES;
				ENABLE_NS_ASSERTIONS = NO;
				ENABLE_STRICT_OBJC_MSGSEND = YES;
				GCC_C_LANGUAGE_STANDARD = gnu99;
				GCC_WARN_64_TO_32_BIT_CONVERSION = YES;
				GCC_WARN_ABOUT_RETURN_TYPE = YES_ERROR;
				GCC_WARN_UNDECLARED_SELECTOR = YES;
				GCC_WARN_UNINITIALIZED_AUTOS = YES_AGGRESSIVE;
				GCC_WARN_UNUSED_FUNCTION = YES;
				GCC_WARN_UNUSED_VARIABLE = YES;
				IPHONEOS_DEPLOYMENT_TARGET = 8.2;
				METAL_ENABLE_DEBUG_INFO = NO;
				SDKROOT = iphoneos;
				VALIDATE_PRODUCT = YES;
			};
			name = Release;
		};
		A481283D1962A39F0048AB6C /* Debug */ = {
			isa = XCBuildConfiguration;
			buildSettings = {
				ASSETCATALOG_COMPILER_APPICON_NAME = AppIcon;
				ASSETCATALOG_COMPILER_LAUNCHIMAGE_NAME = LaunchImage;
				CLANG_ENABLE_MODULES = YES;
				CODE_SIGN_ENTITLEMENTS = HardChoice/HardChoice.entitlements;
				CODE_SIGN_IDENTITY = "iPhone Developer";
				"CODE_SIGN_IDENTITY[sdk=iphoneos*]" = "iPhone Developer";
				DEFINES_MODULE = YES;
				FRAMEWORK_SEARCH_PATHS = (
					"$(inherited)",
					"$(PROJECT_DIR)",
				);
				INFOPLIST_FILE = HardChoice/Info.plist;
				IPHONEOS_DEPLOYMENT_TARGET = 8.2;
				LD_RUNPATH_SEARCH_PATHS = "$(inherited) @executable_path/Frameworks";
				PRODUCT_NAME = "$(TARGET_NAME)";
				PROVISIONING_PROFILE = "";
				SWIFT_OBJC_BRIDGING_HEADER = "";
				SWIFT_OPTIMIZATION_LEVEL = "-Onone";
			};
			name = Debug;
		};
		A481283E1962A39F0048AB6C /* Release */ = {
			isa = XCBuildConfiguration;
			buildSettings = {
				ASSETCATALOG_COMPILER_APPICON_NAME = AppIcon;
				ASSETCATALOG_COMPILER_LAUNCHIMAGE_NAME = LaunchImage;
				CLANG_ENABLE_MODULES = YES;
				CODE_SIGN_ENTITLEMENTS = HardChoice/HardChoice.entitlements;
				CODE_SIGN_IDENTITY = "iPhone Developer";
				"CODE_SIGN_IDENTITY[sdk=iphoneos*]" = "iPhone Developer";
				DEFINES_MODULE = YES;
				FRAMEWORK_SEARCH_PATHS = (
					"$(inherited)",
					"$(PROJECT_DIR)",
				);
				INFOPLIST_FILE = HardChoice/Info.plist;
				IPHONEOS_DEPLOYMENT_TARGET = 8.2;
				LD_RUNPATH_SEARCH_PATHS = "$(inherited) @executable_path/Frameworks";
				PRODUCT_NAME = "$(TARGET_NAME)";
				PROVISIONING_PROFILE = "";
				SWIFT_OBJC_BRIDGING_HEADER = "";
			};
			name = Release;
		};
		A48128401962A39F0048AB6C /* Debug */ = {
			isa = XCBuildConfiguration;
			buildSettings = {
				BUNDLE_LOADER = "$(BUILT_PRODUCTS_DIR)/HardChoice.app/HardChoice";
				FRAMEWORK_SEARCH_PATHS = (
					"$(SDKROOT)/Developer/Library/Frameworks",
					"$(inherited)",
				);
				GCC_PREPROCESSOR_DEFINITIONS = (
					"DEBUG=1",
					"$(inherited)",
				);
				INFOPLIST_FILE = HardChoiceTests/Info.plist;
				LD_RUNPATH_SEARCH_PATHS = "$(inherited) @executable_path/Frameworks @loader_path/Frameworks";
				METAL_ENABLE_DEBUG_INFO = YES;
				PRODUCT_NAME = "$(TARGET_NAME)";
				TEST_HOST = "$(BUNDLE_LOADER)";
			};
			name = Debug;
		};
		A48128411962A39F0048AB6C /* Release */ = {
			isa = XCBuildConfiguration;
			buildSettings = {
				BUNDLE_LOADER = "$(BUILT_PRODUCTS_DIR)/HardChoice.app/HardChoice";
				COPY_PHASE_STRIP = YES;
				FRAMEWORK_SEARCH_PATHS = (
					"$(SDKROOT)/Developer/Library/Frameworks",
					"$(inherited)",
				);
				INFOPLIST_FILE = HardChoiceTests/Info.plist;
				LD_RUNPATH_SEARCH_PATHS = "$(inherited) @executable_path/Frameworks @loader_path/Frameworks";
				METAL_ENABLE_DEBUG_INFO = NO;
				PRODUCT_NAME = "$(TARGET_NAME)";
				TEST_HOST = "$(BUNDLE_LOADER)";
			};
			name = Release;
		};
		A4B174951AC551CD00CA8010 /* Debug */ = {
			isa = XCBuildConfiguration;
			buildSettings = {
				CODE_SIGN_ENTITLEMENTS = "HardChoice WatchKit Extension/HardChoice WatchKit Extension.entitlements";
				CODE_SIGN_IDENTITY = "iPhone Developer";
				"CODE_SIGN_IDENTITY[sdk=iphoneos*]" = "iPhone Developer";
				COPY_PHASE_STRIP = NO;
				DEBUG_INFORMATION_FORMAT = "dwarf-with-dsym";
				GCC_NO_COMMON_BLOCKS = YES;
				GCC_PREPROCESSOR_DEFINITIONS = (
					"DEBUG=1",
					"$(inherited)",
				);
				INFOPLIST_FILE = "HardChoice WatchKit Extension/Info.plist";
				IPHONEOS_DEPLOYMENT_TARGET = 8.2;
				LD_RUNPATH_SEARCH_PATHS = "$(inherited) @executable_path/Frameworks @executable_path/../../Frameworks";
				MTL_ENABLE_DEBUG_INFO = YES;
				PRODUCT_NAME = "${TARGET_NAME}";
				PROVISIONING_PROFILE = "";
				SKIP_INSTALL = YES;
			};
			name = Debug;
		};
		A4B174961AC551CD00CA8010 /* Release */ = {
			isa = XCBuildConfiguration;
			buildSettings = {
				CODE_SIGN_ENTITLEMENTS = "HardChoice WatchKit Extension/HardChoice WatchKit Extension.entitlements";
				CODE_SIGN_IDENTITY = "iPhone Developer";
				"CODE_SIGN_IDENTITY[sdk=iphoneos*]" = "iPhone Developer";
				COPY_PHASE_STRIP = YES;
				DEBUG_INFORMATION_FORMAT = "dwarf-with-dsym";
				GCC_NO_COMMON_BLOCKS = YES;
				INFOPLIST_FILE = "HardChoice WatchKit Extension/Info.plist";
				IPHONEOS_DEPLOYMENT_TARGET = 8.2;
				LD_RUNPATH_SEARCH_PATHS = "$(inherited) @executable_path/Frameworks @executable_path/../../Frameworks";
				MTL_ENABLE_DEBUG_INFO = NO;
				PRODUCT_NAME = "${TARGET_NAME}";
				PROVISIONING_PROFILE = "";
				SKIP_INSTALL = YES;
			};
			name = Release;
		};
		A4B174971AC551CD00CA8010 /* Debug */ = {
			isa = XCBuildConfiguration;
			buildSettings = {
				ASSETCATALOG_COMPILER_APPICON_NAME = AppIcon;
				CODE_SIGN_IDENTITY = "iPhone Developer";
				COPY_PHASE_STRIP = NO;
				DEBUG_INFORMATION_FORMAT = "dwarf-with-dsym";
				GCC_NO_COMMON_BLOCKS = YES;
				GCC_PREPROCESSOR_DEFINITIONS = (
					"DEBUG=1",
					"$(inherited)",
				);
				IBSC_MODULE = HardChoice_WatchKit_Extension;
				INFOPLIST_FILE = "HardChoice WatchKit App/Info.plist";
				IPHONEOS_DEPLOYMENT_TARGET = 8.2;
				MTL_ENABLE_DEBUG_INFO = YES;
				PRODUCT_NAME = "$(TARGET_NAME)";
				SKIP_INSTALL = YES;
				TARGETED_DEVICE_FAMILY = 4;
				"TARGETED_DEVICE_FAMILY[sdk=iphonesimulator*]" = "1,4";
			};
			name = Debug;
		};
		A4B174981AC551CD00CA8010 /* Release */ = {
			isa = XCBuildConfiguration;
			buildSettings = {
				ASSETCATALOG_COMPILER_APPICON_NAME = AppIcon;
				CODE_SIGN_IDENTITY = "iPhone Developer";
				COPY_PHASE_STRIP = YES;
				DEBUG_INFORMATION_FORMAT = "dwarf-with-dsym";
				GCC_NO_COMMON_BLOCKS = YES;
				IBSC_MODULE = HardChoice_WatchKit_Extension;
				INFOPLIST_FILE = "HardChoice WatchKit App/Info.plist";
				IPHONEOS_DEPLOYMENT_TARGET = 8.2;
				MTL_ENABLE_DEBUG_INFO = NO;
				PRODUCT_NAME = "$(TARGET_NAME)";
				SKIP_INSTALL = YES;
				TARGETED_DEVICE_FAMILY = 4;
				"TARGETED_DEVICE_FAMILY[sdk=iphonesimulator*]" = "1,4";
			};
			name = Release;
		};
		A4B174BA1AC5AA1E00CA8010 /* Debug */ = {
			isa = XCBuildConfiguration;
			buildSettings = {
				CLANG_ENABLE_MODULES = YES;
				CODE_SIGN_IDENTITY = "iPhone Developer";
				"CODE_SIGN_IDENTITY[sdk=iphoneos*]" = "iPhone Developer";
				COPY_PHASE_STRIP = NO;
				CURRENT_PROJECT_VERSION = 1;
				DEBUG_INFORMATION_FORMAT = "dwarf-with-dsym";
				DEFINES_MODULE = YES;
				DYLIB_COMPATIBILITY_VERSION = 1;
				DYLIB_CURRENT_VERSION = 1;
				DYLIB_INSTALL_NAME_BASE = "@rpath";
				GCC_NO_COMMON_BLOCKS = YES;
				GCC_PREPROCESSOR_DEFINITIONS = (
					"DEBUG=1",
					"$(inherited)",
				);
				INFOPLIST_FILE = DataKit/Info.plist;
				INSTALL_PATH = "$(LOCAL_LIBRARY_DIR)/Frameworks";
				IPHONEOS_DEPLOYMENT_TARGET = 8.2;
				LD_RUNPATH_SEARCH_PATHS = "$(inherited) @executable_path/Frameworks @loader_path/Frameworks";
				MTL_ENABLE_DEBUG_INFO = YES;
				PRODUCT_NAME = "$(TARGET_NAME)";
				SKIP_INSTALL = YES;
				SWIFT_OBJC_BRIDGING_HEADER = "";
				SWIFT_OPTIMIZATION_LEVEL = "-Onone";
				TARGETED_DEVICE_FAMILY = "1,2";
				VERSIONING_SYSTEM = "apple-generic";
				VERSION_INFO_PREFIX = "";
			};
			name = Debug;
		};
		A4B174BB1AC5AA1E00CA8010 /* Release */ = {
			isa = XCBuildConfiguration;
			buildSettings = {
				CLANG_ENABLE_MODULES = YES;
				CODE_SIGN_IDENTITY = "iPhone Developer";
				"CODE_SIGN_IDENTITY[sdk=iphoneos*]" = "iPhone Developer";
				COPY_PHASE_STRIP = YES;
				CURRENT_PROJECT_VERSION = 1;
				DEBUG_INFORMATION_FORMAT = "dwarf-with-dsym";
				DEFINES_MODULE = YES;
				DYLIB_COMPATIBILITY_VERSION = 1;
				DYLIB_CURRENT_VERSION = 1;
				DYLIB_INSTALL_NAME_BASE = "@rpath";
				GCC_NO_COMMON_BLOCKS = YES;
				INFOPLIST_FILE = DataKit/Info.plist;
				INSTALL_PATH = "$(LOCAL_LIBRARY_DIR)/Frameworks";
				IPHONEOS_DEPLOYMENT_TARGET = 8.2;
				LD_RUNPATH_SEARCH_PATHS = "$(inherited) @executable_path/Frameworks @loader_path/Frameworks";
				MTL_ENABLE_DEBUG_INFO = NO;
				PRODUCT_NAME = "$(TARGET_NAME)";
				SKIP_INSTALL = YES;
				SWIFT_OBJC_BRIDGING_HEADER = "";
				TARGETED_DEVICE_FAMILY = "1,2";
				VERSIONING_SYSTEM = "apple-generic";
				VERSION_INFO_PREFIX = "";
			};
			name = Release;
		};
		A4B174BC1AC5AA1E00CA8010 /* Debug */ = {
			isa = XCBuildConfiguration;
			buildSettings = {
				DEBUG_INFORMATION_FORMAT = "dwarf-with-dsym";
				FRAMEWORK_SEARCH_PATHS = (
					"$(SDKROOT)/Developer/Library/Frameworks",
					"$(inherited)",
				);
				GCC_NO_COMMON_BLOCKS = YES;
				GCC_PREPROCESSOR_DEFINITIONS = (
					"DEBUG=1",
					"$(inherited)",
				);
				INFOPLIST_FILE = DataKitTests/Info.plist;
				IPHONEOS_DEPLOYMENT_TARGET = 8.3;
				LD_RUNPATH_SEARCH_PATHS = "$(inherited) @executable_path/Frameworks @loader_path/Frameworks";
				MTL_ENABLE_DEBUG_INFO = YES;
				PRODUCT_NAME = "$(TARGET_NAME)";
				TEST_HOST = "$(BUILT_PRODUCTS_DIR)/HardChoice.app/HardChoice";
			};
			name = Debug;
		};
		A4B174BD1AC5AA1E00CA8010 /* Release */ = {
			isa = XCBuildConfiguration;
			buildSettings = {
				COPY_PHASE_STRIP = YES;
				DEBUG_INFORMATION_FORMAT = "dwarf-with-dsym";
				FRAMEWORK_SEARCH_PATHS = (
					"$(SDKROOT)/Developer/Library/Frameworks",
					"$(inherited)",
				);
				GCC_NO_COMMON_BLOCKS = YES;
				INFOPLIST_FILE = DataKitTests/Info.plist;
				IPHONEOS_DEPLOYMENT_TARGET = 8.3;
				LD_RUNPATH_SEARCH_PATHS = "$(inherited) @executable_path/Frameworks @loader_path/Frameworks";
				MTL_ENABLE_DEBUG_INFO = NO;
				PRODUCT_NAME = "$(TARGET_NAME)";
				TEST_HOST = "$(BUILT_PRODUCTS_DIR)/HardChoice.app/HardChoice";
			};
			name = Release;
		};
/* End XCBuildConfiguration section */

/* Begin XCConfigurationList section */
		A48128161962A39F0048AB6C /* Build configuration list for PBXProject "HardChoice" */ = {
			isa = XCConfigurationList;
			buildConfigurations = (
				A481283A1962A39F0048AB6C /* Debug */,
				A481283B1962A39F0048AB6C /* Release */,
			);
			defaultConfigurationIsVisible = 0;
			defaultConfigurationName = Release;
		};
		A481283C1962A39F0048AB6C /* Build configuration list for PBXNativeTarget "HardChoice" */ = {
			isa = XCConfigurationList;
			buildConfigurations = (
				A481283D1962A39F0048AB6C /* Debug */,
				A481283E1962A39F0048AB6C /* Release */,
			);
			defaultConfigurationIsVisible = 0;
			defaultConfigurationName = Release;
		};
		A481283F1962A39F0048AB6C /* Build configuration list for PBXNativeTarget "HardChoiceTests" */ = {
			isa = XCConfigurationList;
			buildConfigurations = (
				A48128401962A39F0048AB6C /* Debug */,
				A48128411962A39F0048AB6C /* Release */,
			);
			defaultConfigurationIsVisible = 0;
			defaultConfigurationName = Release;
		};
		A4B174991AC551CD00CA8010 /* Build configuration list for PBXNativeTarget "HardChoice WatchKit App" */ = {
			isa = XCConfigurationList;
			buildConfigurations = (
				A4B174971AC551CD00CA8010 /* Debug */,
				A4B174981AC551CD00CA8010 /* Release */,
			);
			defaultConfigurationIsVisible = 0;
			defaultConfigurationName = Release;
		};
		A4B1749A1AC551CD00CA8010 /* Build configuration list for PBXNativeTarget "HardChoice WatchKit Extension" */ = {
			isa = XCConfigurationList;
			buildConfigurations = (
				A4B174951AC551CD00CA8010 /* Debug */,
				A4B174961AC551CD00CA8010 /* Release */,
			);
			defaultConfigurationIsVisible = 0;
			defaultConfigurationName = Release;
		};
		A4B174BE1AC5AA1E00CA8010 /* Build configuration list for PBXNativeTarget "DataKit" */ = {
			isa = XCConfigurationList;
			buildConfigurations = (
				A4B174BA1AC5AA1E00CA8010 /* Debug */,
				A4B174BB1AC5AA1E00CA8010 /* Release */,
			);
			defaultConfigurationIsVisible = 0;
			defaultConfigurationName = Release;
		};
		A4B174C01AC5AA1E00CA8010 /* Build configuration list for PBXNativeTarget "DataKitTests" */ = {
			isa = XCConfigurationList;
			buildConfigurations = (
				A4B174BC1AC5AA1E00CA8010 /* Debug */,
				A4B174BD1AC5AA1E00CA8010 /* Release */,
			);
			defaultConfigurationIsVisible = 0;
			defaultConfigurationName = Release;
		};
/* End XCConfigurationList section */

/* Begin XCVersionGroup section */
		A48128221962A39F0048AB6C /* HardChoice.xcdatamodeld */ = {
			isa = XCVersionGroup;
			children = (
				A48128231962A39F0048AB6C /* HardChoice.xcdatamodel */,
			);
			currentVersion = A48128231962A39F0048AB6C /* HardChoice.xcdatamodel */;
			name = HardChoice.xcdatamodeld;
			path = ../HardChoice/HardChoice.xcdatamodeld;
			sourceTree = "<group>";
			versionGroupType = wrapper.xcdatamodel;
		};
/* End XCVersionGroup section */
	};
	rootObject = A48128131962A39F0048AB6C /* Project object */;
}
